// !$*UTF8*$!
{
	archiveVersion = 1;
	classes = {
	};
	objectVersion = 56;
	objects = {

/* Begin PBXBuildFile section */
		4DE7733D29815BA700C3526A /* AppDelegate.swift in Sources */ = {isa = PBXBuildFile; fileRef = 4DE7733C29815BA700C3526A /* AppDelegate.swift */; };
		4DE7734629815BAC00C3526A /* Assets.xcassets in Resources */ = {isa = PBXBuildFile; fileRef = 4DE7734529815BAC00C3526A /* Assets.xcassets */; };
		4DE7734929815BAC00C3526A /* LaunchScreen.storyboard in Resources */ = {isa = PBXBuildFile; fileRef = 4DE7734729815BAC00C3526A /* LaunchScreen.storyboard */; };
		4DE7735A29815F4C00C3526A /* HomeViewController.swift in Sources */ = {isa = PBXBuildFile; fileRef = 4DE7735829815F4C00C3526A /* HomeViewController.swift */; };
		4DE7735B29815F4C00C3526A /* HomeViewController.xib in Resources */ = {isa = PBXBuildFile; fileRef = 4DE7735929815F4C00C3526A /* HomeViewController.xib */; };
		4DE7735D298194FD00C3526A /* uiButtonExtension.swift in Sources */ = {isa = PBXBuildFile; fileRef = 4DE7735C298194FD00C3526A /* uiButtonExtension.swift */; };
/* End PBXBuildFile section */

/* Begin PBXBuildRule section */
		4DE7735029815C8100C3526A /* PBXBuildRule */ = {
			isa = PBXBuildRule;
			compilerSpec = com.apple.compilers.proxy.script;
			fileType = pattern.proxy;
			inputFiles = (
			);
			isEditable = 1;
			outputFiles = (
			);
			script = "# Type a script or drag a script file from your workspace to insert its path.\n";
		};
/* End PBXBuildRule section */

/* Begin PBXFileReference section */
		4DE7733929815BA700C3526A /* iOS-CalculatorLC.app */ = {isa = PBXFileReference; explicitFileType = wrapper.application; includeInIndex = 0; path = "iOS-CalculatorLC.app"; sourceTree = BUILT_PRODUCTS_DIR; };
		4DE7733C29815BA700C3526A /* AppDelegate.swift */ = {isa = PBXFileReference; lastKnownFileType = sourcecode.swift; path = AppDelegate.swift; sourceTree = "<group>"; };
		4DE7734529815BAC00C3526A /* Assets.xcassets */ = {isa = PBXFileReference; lastKnownFileType = folder.assetcatalog; path = Assets.xcassets; sourceTree = "<group>"; };
		4DE7734829815BAC00C3526A /* Base */ = {isa = PBXFileReference; lastKnownFileType = file.storyboard; name = Base; path = Base.lproj/LaunchScreen.storyboard; sourceTree = "<group>"; };
		4DE7734A29815BAC00C3526A /* Info.plist */ = {isa = PBXFileReference; lastKnownFileType = text.plist.xml; path = Info.plist; sourceTree = "<group>"; };
		4DE7735829815F4C00C3526A /* HomeViewController.swift */ = {isa = PBXFileReference; lastKnownFileType = sourcecode.swift; path = HomeViewController.swift; sourceTree = "<group>"; };
		4DE7735929815F4C00C3526A /* HomeViewController.xib */ = {isa = PBXFileReference; lastKnownFileType = file.xib; path = HomeViewController.xib; sourceTree = "<group>"; };
		4DE7735C298194FD00C3526A /* uiButtonExtension.swift */ = {isa = PBXFileReference; lastKnownFileType = sourcecode.swift; path = uiButtonExtension.swift; sourceTree = "<group>"; };
/* End PBXFileReference section */

/* Begin PBXFrameworksBuildPhase section */
		4DE7733629815BA700C3526A /* Frameworks */ = {
			isa = PBXFrameworksBuildPhase;
			buildActionMask = 2147483647;
			files = (
			);
			runOnlyForDeploymentPostprocessing = 0;
		};
/* End PBXFrameworksBuildPhase section */

/* Begin PBXGroup section */
		4DE7733029815BA700C3526A = {
			isa = PBXGroup;
			children = (
				4DE7733B29815BA700C3526A /* iOS-CalculatorLC */,
				4DE7733A29815BA700C3526A /* Products */,
			);
			sourceTree = "<group>";
		};
		4DE7733A29815BA700C3526A /* Products */ = {
			isa = PBXGroup;
			children = (
				4DE7733929815BA700C3526A /* iOS-CalculatorLC.app */,
			);
			name = Products;
			sourceTree = "<group>";
		};
		4DE7733B29815BA700C3526A /* iOS-CalculatorLC */ = {
			isa = PBXGroup;
			children = (
				4DE7733C29815BA700C3526A /* AppDelegate.swift */,
				4DE7735129815D0700C3526A /* Controller */,
				4DE7735329815D1500C3526A /* Model */,
				4DE7735229815D0C00C3526A /* View */,
				4DE7735429815D1C00C3526A /* Utils */,
				4DE7734529815BAC00C3526A /* Assets.xcassets */,
				4DE7734A29815BAC00C3526A /* Info.plist */,
			);
			path = "iOS-CalculatorLC";
			sourceTree = "<group>";
		};
		4DE7735129815D0700C3526A /* Controller */ = {
			isa = PBXGroup;
			children = (
				4DE7735729815F3C00C3526A /* Home */,
			);
			path = Controller;
			sourceTree = "<group>";
		};
		4DE7735229815D0C00C3526A /* View */ = {
			isa = PBXGroup;
			children = (
				4DE7735629815F3500C3526A /* Home */,
				4DE7735529815D5900C3526A /* Launch */,
			);
			path = View;
			sourceTree = "<group>";
		};
		4DE7735329815D1500C3526A /* Model */ = {
			isa = PBXGroup;
			children = (
			);
			path = Model;
			sourceTree = "<group>";
		};
		4DE7735429815D1C00C3526A /* Utils */ = {
			isa = PBXGroup;
			children = (
				4DE7735C298194FD00C3526A /* uiButtonExtension.swift */,
			);
			path = Utils;
			sourceTree = "<group>";
		};
		4DE7735529815D5900C3526A /* Launch */ = {
			isa = PBXGroup;
			children = (
				4DE7734729815BAC00C3526A /* LaunchScreen.storyboard */,
			);
			path = Launch;
			sourceTree = "<group>";
		};
		4DE7735629815F3500C3526A /* Home */ = {
			isa = PBXGroup;
			children = (
				4DE7735929815F4C00C3526A /* HomeViewController.xib */,
			);
			path = Home;
			sourceTree = "<group>";
		};
		4DE7735729815F3C00C3526A /* Home */ = {
			isa = PBXGroup;
			children = (
				4DE7735829815F4C00C3526A /* HomeViewController.swift */,
			);
			path = Home;
			sourceTree = "<group>";
		};
/* End PBXGroup section */

/* Begin PBXNativeTarget section */
		4DE7733829815BA700C3526A /* iOS-CalculatorLC */ = {
			isa = PBXNativeTarget;
			buildConfigurationList = 4DE7734D29815BAC00C3526A /* Build configuration list for PBXNativeTarget "iOS-CalculatorLC" */;
			buildPhases = (
				4DE7733529815BA700C3526A /* Sources */,
				4DE7733629815BA700C3526A /* Frameworks */,
				4DE7733729815BA700C3526A /* Resources */,
			);
			buildRules = (
				4DE7735029815C8100C3526A /* PBXBuildRule */,
			);
			dependencies = (
			);
			name = "iOS-CalculatorLC";
			productName = "iOS-CalculatorLC";
			productReference = 4DE7733929815BA700C3526A /* iOS-CalculatorLC.app */;
			productType = "com.apple.product-type.application";
		};
/* End PBXNativeTarget section */

/* Begin PBXProject section */
		4DE7733129815BA700C3526A /* Project object */ = {
			isa = PBXProject;
			attributes = {
				BuildIndependentTargetsInParallel = 1;
				LastSwiftUpdateCheck = 1420;
				LastUpgradeCheck = 1420;
				TargetAttributes = {
					4DE7733829815BA700C3526A = {
						CreatedOnToolsVersion = 14.2;
					};
				};
			};
			buildConfigurationList = 4DE7733429815BA700C3526A /* Build configuration list for PBXProject "iOS-CalculatorLC" */;
			compatibilityVersion = "Xcode 14.0";
			developmentRegion = en;
			hasScannedForEncodings = 0;
			knownRegions = (
				en,
				Base,
			);
			mainGroup = 4DE7733029815BA700C3526A;
			productRefGroup = 4DE7733A29815BA700C3526A /* Products */;
			projectDirPath = "";
			projectRoot = "";
			targets = (
				4DE7733829815BA700C3526A /* iOS-CalculatorLC */,
			);
		};
/* End PBXProject section */

/* Begin PBXResourcesBuildPhase section */
		4DE7733729815BA700C3526A /* Resources */ = {
			isa = PBXResourcesBuildPhase;
			buildActionMask = 2147483647;
			files = (
				4DE7734929815BAC00C3526A /* LaunchScreen.storyboard in Resources */,
				4DE7734629815BAC00C3526A /* Assets.xcassets in Resources */,
				4DE7735B29815F4C00C3526A /* HomeViewController.xib in Resources */,
			);
			runOnlyForDeploymentPostprocessing = 0;
		};
/* End PBXResourcesBuildPhase section */

/* Begin PBXSourcesBuildPhase section */
		4DE7733529815BA700C3526A /* Sources */ = {
			isa = PBXSourcesBuildPhase;
			buildActionMask = 2147483647;
			files = (
				4DE7733D29815BA700C3526A /* AppDelegate.swift in Sources */,
				4DE7735A29815F4C00C3526A /* HomeViewController.swift in Sources */,
				4DE7735D298194FD00C3526A /* uiButtonExtension.swift in Sources */,
			);
			runOnlyForDeploymentPostprocessing = 0;
		};
/* End PBXSourcesBuildPhase section */

/* Begin PBXVariantGroup section */
		4DE7734729815BAC00C3526A /* LaunchScreen.storyboard */ = {
			isa = PBXVariantGroup;
			children = (
				4DE7734829815BAC00C3526A /* Base */,
			);
			name = LaunchScreen.storyboard;
			sourceTree = "<group>";
		};
/* End PBXVariantGroup section */

/* Begin XCBuildConfiguration section */
		4DE7734B29815BAC00C3526A /* Debug */ = {
			isa = XCBuildConfiguration;
			buildSettings = {
				ALWAYS_SEARCH_USER_PATHS = NO;
				CLANG_ANALYZER_NONNULL = YES;
				CLANG_ANALYZER_NUMBER_OBJECT_CONVERSION = YES_AGGRESSIVE;
				CLANG_CXX_LANGUAGE_STANDARD = "gnu++20";
				CLANG_ENABLE_MODULES = YES;
				CLANG_ENABLE_OBJC_ARC = YES;
				CLANG_ENABLE_OBJC_WEAK = YES;
				CLANG_WARN_BLOCK_CAPTURE_AUTORELEASING = YES;
				CLANG_WARN_BOOL_CONVERSION = YES;
				CLANG_WARN_COMMA = YES;
				CLANG_WARN_CONSTANT_CONVERSION = YES;
				CLANG_WARN_DEPRECATED_OBJC_IMPLEMENTATIONS = YES;
				CLANG_WARN_DIRECT_OBJC_ISA_USAGE = YES_ERROR;
				CLANG_WARN_DOCUMENTATION_COMMENTS = YES;
				CLANG_WARN_EMPTY_BODY = YES;
				CLANG_WARN_ENUM_CONVERSION = YES;
				CLANG_WARN_INFINITE_RECURSION = YES;
				CLANG_WARN_INT_CONVERSION = YES;
				CLANG_WARN_NON_LITERAL_NULL_CONVERSION = YES;
				CLANG_WARN_OBJC_IMPLICIT_RETAIN_SELF = YES;
				CLANG_WARN_OBJC_LITERAL_CONVERSION = YES;
				CLANG_WARN_OBJC_ROOT_CLASS = YES_ERROR;
				CLANG_WARN_QUOTED_INCLUDE_IN_FRAMEWORK_HEADER = YES;
				CLANG_WARN_RANGE_LOOP_ANALYSIS = YES;
				CLANG_WARN_STRICT_PROTOTYPES = YES;
				CLANG_WARN_SUSPICIOUS_MOVE = YES;
				CLANG_WARN_UNGUARDED_AVAILABILITY = YES_AGGRESSIVE;
				CLANG_WARN_UNREACHABLE_CODE = YES;
				CLANG_WARN__DUPLICATE_METHOD_MATCH = YES;
				COPY_PHASE_STRIP = NO;
				DEBUG_INFORMATION_FORMAT = dwarf;
				ENABLE_STRICT_OBJC_MSGSEND = YES;
				ENABLE_TESTABILITY = YES;
				GCC_C_LANGUAGE_STANDARD = gnu11;
				GCC_DYNAMIC_NO_PIC = NO;
				GCC_NO_COMMON_BLOCKS = YES;
				GCC_OPTIMIZATION_LEVEL = 0;
				GCC_PREPROCESSOR_DEFINITIONS = (
					"DEBUG=1",
					"$(inherited)",
				);
				GCC_WARN_64_TO_32_BIT_CONVERSION = YES;
				GCC_WARN_ABOUT_RETURN_TYPE = YES_ERROR;
				GCC_WARN_UNDECLARED_SELECTOR = YES;
				GCC_WARN_UNINITIALIZED_AUTOS = YES_AGGRESSIVE;
				GCC_WARN_UNUSED_FUNCTION = YES;
				GCC_WARN_UNUSED_VARIABLE = YES;
				IPHONEOS_DEPLOYMENT_TARGET = 14.0;
				MTL_ENABLE_DEBUG_INFO = INCLUDE_SOURCE;
				MTL_FAST_MATH = YES;
				ONLY_ACTIVE_ARCH = YES;
				SDKROOT = iphoneos;
				SWIFT_ACTIVE_COMPILATION_CONDITIONS = DEBUG;
				SWIFT_OPTIMIZATION_LEVEL = "-Onone";
			};
			name = Debug;
		};
		4DE7734C29815BAC00C3526A /* Release */ = {
			isa = XCBuildConfiguration;
			buildSettings = {
				ALWAYS_SEARCH_USER_PATHS = NO;
				CLANG_ANALYZER_NONNULL = YES;
				CLANG_ANALYZER_NUMBER_OBJECT_CONVERSION = YES_AGGRESSIVE;
				CLANG_CXX_LANGUAGE_STANDARD = "gnu++20";
				CLANG_ENABLE_MODULES = YES;
				CLANG_ENABLE_OBJC_ARC = YES;
				CLANG_ENABLE_OBJC_WEAK = YES;
				CLANG_WARN_BLOCK_CAPTURE_AUTORELEASING = YES;
				CLANG_WARN_BOOL_CONVERSION = YES;
				CLANG_WARN_COMMA = YES;
				CLANG_WARN_CONSTANT_CONVERSION = YES;
				CLANG_WARN_DEPRECATED_OBJC_IMPLEMENTATIONS = YES;
				CLANG_WARN_DIRECT_OBJC_ISA_USAGE = YES_ERROR;
				CLANG_WARN_DOCUMENTATION_COMMENTS = YES;
				CLANG_WARN_EMPTY_BODY = YES;
				CLANG_WARN_ENUM_CONVERSION = YES;
				CLANG_WARN_INFINITE_RECURSION = YES;
				CLANG_WARN_INT_CONVERSION = YES;
				CLANG_WARN_NON_LITERAL_NULL_CONVERSION = YES;
				CLANG_WARN_OBJC_IMPLICIT_RETAIN_SELF = YES;
				CLANG_WARN_OBJC_LITERAL_CONVERSION = YES;
				CLANG_WARN_OBJC_ROOT_CLASS = YES_ERROR;
				CLANG_WARN_QUOTED_INCLUDE_IN_FRAMEWORK_HEADER = YES;
				CLANG_WARN_RANGE_LOOP_ANALYSIS = YES;
				CLANG_WARN_STRICT_PROTOTYPES = YES;
				CLANG_WARN_SUSPICIOUS_MOVE = YES;
				CLANG_WARN_UNGUARDED_AVAILABILITY = YES_AGGRESSIVE;
				CLANG_WARN_UNREACHABLE_CODE = YES;
				CLANG_WARN__DUPLICATE_METHOD_MATCH = YES;
				COPY_PHASE_STRIP = NO;
				DEBUG_INFORMATION_FORMAT = "dwarf-with-dsym";
				ENABLE_NS_ASSERTIONS = NO;
				ENABLE_STRICT_OBJC_MSGSEND = YES;
				GCC_C_LANGUAGE_STANDARD = gnu11;
				GCC_NO_COMMON_BLOCKS = YES;
				GCC_WARN_64_TO_32_BIT_CONVERSION = YES;
				GCC_WARN_ABOUT_RETURN_TYPE = YES_ERROR;
				GCC_WARN_UNDECLARED_SELECTOR = YES;
				GCC_WARN_UNINITIALIZED_AUTOS = YES_AGGRESSIVE;
				GCC_WARN_UNUSED_FUNCTION = YES;
				GCC_WARN_UNUSED_VARIABLE = YES;
				IPHONEOS_DEPLOYMENT_TARGET = 14.0;
				MTL_ENABLE_DEBUG_INFO = NO;
				MTL_FAST_MATH = YES;
				SDKROOT = iphoneos;
				SWIFT_COMPILATION_MODE = wholemodule;
				SWIFT_OPTIMIZATION_LEVEL = "-O";
				VALIDATE_PRODUCT = YES;
			};
			name = Release;
		};
		4DE7734E29815BAC00C3526A /* Debug */ = {
			isa = XCBuildConfiguration;
			buildSettings = {
				ASSETCATALOG_COMPILER_APPICON_NAME = AppIcon;
				ASSETCATALOG_COMPILER_GLOBAL_ACCENT_COLOR_NAME = AccentColor;
				CODE_SIGN_STYLE = Automatic;
				CURRENT_PROJECT_VERSION = 1;
				DEVELOPMENT_TEAM = G2LKR9JDH8;
				GENERATE_INFOPLIST_FILE = YES;
				INFOPLIST_FILE = "iOS-CalculatorLC/Info.plist";
				INFOPLIST_KEY_CFBundleDisplayName = "iOS Calculator LC";
				INFOPLIST_KEY_UIApplicationSupportsIndirectInputEvents = YES;
				INFOPLIST_KEY_UILaunchStoryboardName = LaunchScreen.storyboard;
				INFOPLIST_KEY_UISupportedInterfaceOrientations_iPad = "UIInterfaceOrientationPortrait UIInterfaceOrientationPortraitUpsideDown UIInterfaceOrientationLandscapeLeft UIInterfaceOrientationLandscapeRight";
				INFOPLIST_KEY_UISupportedInterfaceOrientations_iPhone = "UIInterfaceOrientationPortrait UIInterfaceOrientationLandscapeLeft UIInterfaceOrientationLandscapeRight";
				IPHONEOS_DEPLOYMENT_TARGET = 14.0;
				LD_RUNPATH_SEARCH_PATHS = (
					"$(inherited)",
					"@executable_path/Frameworks",
				);
				MARKETING_VERSION = 1.0;
				PRODUCT_BUNDLE_IDENTIFIER = "com.LucianoCastro.iOS-CalculatorLC";
				PRODUCT_NAME = "$(TARGET_NAME)";
				SWIFT_EMIT_LOC_STRINGS = YES;
				SWIFT_VERSION = 5.0;
				TARGETED_DEVICE_FAMILY = "1,2";
			};
			name = Debug;
		};
		4DE7734F29815BAC00C3526A /* Release */ = {
			isa = XCBuildConfiguration;
			buildSettings = {
				ASSETCATALOG_COMPILER_APPICON_NAME = AppIcon;
				ASSETCATALOG_COMPILER_GLOBAL_ACCENT_COLOR_NAME = AccentColor;
				CODE_SIGN_STYLE = Automatic;
				CURRENT_PROJECT_VERSION = 1;
				DEVELOPMENT_TEAM = G2LKR9JDH8;
				GENERATE_INFOPLIST_FILE = YES;
				INFOPLIST_FILE = "iOS-CalculatorLC/Info.plist";
				INFOPLIST_KEY_CFBundleDisplayName = "iOS Calculator LC";
				INFOPLIST_KEY_UIApplicationSupportsIndirectInputEvents = YES;
				INFOPLIST_KEY_UILaunchStoryboardName = LaunchScreen.storyboard;
				INFOPLIST_KEY_UISupportedInterfaceOrientations_iPad = "UIInterfaceOrientationPortrait UIInterfaceOrientationPortraitUpsideDown UIInterfaceOrientationLandscapeLeft UIInterfaceOrientationLandscapeRight";
				INFOPLIST_KEY_UISupportedInterfaceOrientations_iPhone = "UIInterfaceOrientationPortrait UIInterfaceOrientationLandscapeLeft UIInterfaceOrientationLandscapeRight";
				IPHONEOS_DEPLOYMENT_TARGET = 14.0;
				LD_RUNPATH_SEARCH_PATHS = (
					"$(inherited)",
					"@executable_path/Frameworks",
				);
				MARKETING_VERSION = 1.0;
				PRODUCT_BUNDLE_IDENTIFIER = "com.LucianoCastro.iOS-CalculatorLC";
				PRODUCT_NAME = "$(TARGET_NAME)";
				SWIFT_EMIT_LOC_STRINGS = YES;
				SWIFT_VERSION = 5.0;
				TARGETED_DEVICE_FAMILY = "1,2";
			};
			name = Release;
		};
/* End XCBuildConfiguration section */

/* Begin XCConfigurationList section */
		4DE7733429815BA700C3526A /* Build configuration list for PBXProject "iOS-CalculatorLC" */ = {
			isa = XCConfigurationList;
			buildConfigurations = (
				4DE7734B29815BAC00C3526A /* Debug */,
				4DE7734C29815BAC00C3526A /* Release */,
			);
			defaultConfigurationIsVisible = 0;
			defaultConfigurationName = Release;
		};
		4DE7734D29815BAC00C3526A /* Build configuration list for PBXNativeTarget "iOS-CalculatorLC" */ = {
			isa = XCConfigurationList;
			buildConfigurations = (
				4DE7734E29815BAC00C3526A /* Debug */,
				4DE7734F29815BAC00C3526A /* Release */,
			);
			defaultConfigurationIsVisible = 0;
			defaultConfigurationName = Release;
		};
/* End XCConfigurationList section */
	};
	rootObject = 4DE7733129815BA700C3526A /* Project object */;
}
